// !$*UTF8*$!
{
	archiveVersion = 1;
	classes = {
	};
	objectVersion = 50;
	objects = {

/* Begin PBXBuildFile section */
		6916C005236E04F200645DB2 /* AppDelegate.swift in Sources */ = {isa = PBXBuildFile; fileRef = 6916C004236E04F200645DB2 /* AppDelegate.swift */; };
		6916C007236E04F200645DB2 /* SceneDelegate.swift in Sources */ = {isa = PBXBuildFile; fileRef = 6916C006236E04F200645DB2 /* SceneDelegate.swift */; };
		6916C009236E04F200645DB2 /* ViewController.swift in Sources */ = {isa = PBXBuildFile; fileRef = 6916C008236E04F200645DB2 /* ViewController.swift */; };
		6916C00C236E04F200645DB2 /* Main.storyboard in Resources */ = {isa = PBXBuildFile; fileRef = 6916C00A236E04F200645DB2 /* Main.storyboard */; };
		6916C00E236E04F700645DB2 /* Assets.xcassets in Resources */ = {isa = PBXBuildFile; fileRef = 6916C00D236E04F700645DB2 /* Assets.xcassets */; };
		6916C011236E04F700645DB2 /* LaunchScreen.storyboard in Resources */ = {isa = PBXBuildFile; fileRef = 6916C00F236E04F700645DB2 /* LaunchScreen.storyboard */; };
		6916C01D236E094900645DB2 /* Assets.scnassets in Resources */ = {isa = PBXBuildFile; fileRef = 6916C01C236E094900645DB2 /* Assets.scnassets */; };
		6963733E236E11C50038C115 /* USDZModel.swift in Sources */ = {isa = PBXBuildFile; fileRef = 6963733D236E11C50038C115 /* USDZModel.swift */; };
		697F0C52237001AB000B36AF /* README.md in Resources */ = {isa = PBXBuildFile; fileRef = 697F0C51237001AB000B36AF /* README.md */; };
		697F0C5A2370163F000B36AF /* 3.png in Resources */ = {isa = PBXBuildFile; fileRef = 697F0C572370163E000B36AF /* 3.png */; };
		697F0C5B2370163F000B36AF /* 1.png in Resources */ = {isa = PBXBuildFile; fileRef = 697F0C582370163E000B36AF /* 1.png */; };
		697F0C5C2370163F000B36AF /* 2.png in Resources */ = {isa = PBXBuildFile; fileRef = 697F0C592370163F000B36AF /* 2.png */; };
		69EA01AD236E22BC00540F5C /* CellManager.swift in Sources */ = {isa = PBXBuildFile; fileRef = 69EA01AC236E22BC00540F5C /* CellManager.swift */; };
		69EA01B0236E230200540F5C /* USDZCell.swift in Sources */ = {isa = PBXBuildFile; fileRef = 69EA01AF236E230200540F5C /* USDZCell.swift */; };
		69EA01B3236E48E500540F5C /* String+Extension.swift in Sources */ = {isa = PBXBuildFile; fileRef = 69EA01B2236E48E500540F5C /* String+Extension.swift */; };
/* End PBXBuildFile section */

/* Begin PBXFileReference section */
		6916C001236E04F200645DB2 /* ARQuickLook.app */ = {isa = PBXFileReference; explicitFileType = wrapper.application; includeInIndex = 0; path = ARQuickLook.app; sourceTree = BUILT_PRODUCTS_DIR; };
		6916C004236E04F200645DB2 /* AppDelegate.swift */ = {isa = PBXFileReference; lastKnownFileType = sourcecode.swift; path = AppDelegate.swift; sourceTree = "<group>"; };
		6916C006236E04F200645DB2 /* SceneDelegate.swift */ = {isa = PBXFileReference; lastKnownFileType = sourcecode.swift; path = SceneDelegate.swift; sourceTree = "<group>"; };
		6916C008236E04F200645DB2 /* ViewController.swift */ = {isa = PBXFileReference; lastKnownFileType = sourcecode.swift; path = ViewController.swift; sourceTree = "<group>"; };
		6916C00B236E04F200645DB2 /* Base */ = {isa = PBXFileReference; lastKnownFileType = file.storyboard; name = Base; path = Base.lproj/Main.storyboard; sourceTree = "<group>"; };
		6916C00D236E04F700645DB2 /* Assets.xcassets */ = {isa = PBXFileReference; lastKnownFileType = folder.assetcatalog; path = Assets.xcassets; sourceTree = "<group>"; };
		6916C010236E04F700645DB2 /* Base */ = {isa = PBXFileReference; lastKnownFileType = file.storyboard; name = Base; path = Base.lproj/LaunchScreen.storyboard; sourceTree = "<group>"; };
		6916C012236E04F700645DB2 /* Info.plist */ = {isa = PBXFileReference; lastKnownFileType = text.plist.xml; path = Info.plist; sourceTree = "<group>"; };
		6916C01C236E094900645DB2 /* Assets.scnassets */ = {isa = PBXFileReference; lastKnownFileType = wrapper.scnassets; path = Assets.scnassets; sourceTree = "<group>"; };
		6963733D236E11C50038C115 /* USDZModel.swift */ = {isa = PBXFileReference; lastKnownFileType = sourcecode.swift; path = USDZModel.swift; sourceTree = "<group>"; };
		697F0C51237001AB000B36AF /* README.md */ = {isa = PBXFileReference; fileEncoding = 4; lastKnownFileType = net.daringfireball.markdown; path = README.md; sourceTree = "<group>"; };
		697F0C572370163E000B36AF /* 3.png */ = {isa = PBXFileReference; lastKnownFileType = image.png; path = 3.png; sourceTree = "<group>"; };
		697F0C582370163E000B36AF /* 1.png */ = {isa = PBXFileReference; lastKnownFileType = image.png; path = 1.png; sourceTree = "<group>"; };
		697F0C592370163F000B36AF /* 2.png */ = {isa = PBXFileReference; lastKnownFileType = image.png; path = 2.png; sourceTree = "<group>"; };
		69EA01AC236E22BC00540F5C /* CellManager.swift */ = {isa = PBXFileReference; lastKnownFileType = sourcecode.swift; path = CellManager.swift; sourceTree = "<group>"; };
		69EA01AF236E230200540F5C /* USDZCell.swift */ = {isa = PBXFileReference; lastKnownFileType = sourcecode.swift; path = USDZCell.swift; sourceTree = "<group>"; };
		69EA01B2236E48E500540F5C /* String+Extension.swift */ = {isa = PBXFileReference; lastKnownFileType = sourcecode.swift; path = "String+Extension.swift"; sourceTree = "<group>"; };
/* End PBXFileReference section */

/* Begin PBXFrameworksBuildPhase section */
		6916BFFE236E04F200645DB2 /* Frameworks */ = {
			isa = PBXFrameworksBuildPhase;
			buildActionMask = 2147483647;
			files = (
			);
			runOnlyForDeploymentPostprocessing = 0;
		};
/* End PBXFrameworksBuildPhase section */

/* Begin PBXGroup section */
		6916BFF8236E04F200645DB2 = {
			isa = PBXGroup;
			children = (
				697F0C51237001AB000B36AF /* README.md */,
				6916C003236E04F200645DB2 /* ARQuickLook */,
				6916C002236E04F200645DB2 /* Products */,
			);
			sourceTree = "<group>";
		};
		6916C002236E04F200645DB2 /* Products */ = {
			isa = PBXGroup;
			children = (
				6916C001236E04F200645DB2 /* ARQuickLook.app */,
			);
			name = Products;
			sourceTree = "<group>";
		};
		6916C003236E04F200645DB2 /* ARQuickLook */ = {
			isa = PBXGroup;
			children = (
				6916C018236E054100645DB2 /* App */,
				69EA01AE236E22D000540F5C /* Cells */,
				69EA01B1236E48C500540F5C /* Extensions */,
				69EA01AB236E222900540F5C /* Managers */,
				6963733C236E118E0038C115 /* Models */,
				6916C019236E073100645DB2 /* Resources */,
				6916C01A236E074300645DB2 /* Storyboards */,
				6916C01B236E075C00645DB2 /* View Controllers */,
			);
			path = ARQuickLook;
			sourceTree = "<group>";
		};
		6916C018236E054100645DB2 /* App */ = {
			isa = PBXGroup;
			children = (
				6916C004236E04F200645DB2 /* AppDelegate.swift */,
				6916C006236E04F200645DB2 /* SceneDelegate.swift */,
				6916C012236E04F700645DB2 /* Info.plist */,
			);
			path = App;
			sourceTree = "<group>";
		};
		6916C019236E073100645DB2 /* Resources */ = {
			isa = PBXGroup;
			children = (
				6916C01C236E094900645DB2 /* Assets.scnassets */,
				6916C00D236E04F700645DB2 /* Assets.xcassets */,
				69200112236E52C8000E6BB9 /* Screenshots */,
			);
			path = Resources;
			sourceTree = "<group>";
		};
		6916C01A236E074300645DB2 /* Storyboards */ = {
			isa = PBXGroup;
			children = (
				6916C00F236E04F700645DB2 /* LaunchScreen.storyboard */,
				6916C00A236E04F200645DB2 /* Main.storyboard */,
			);
			path = Storyboards;
			sourceTree = "<group>";
		};
		6916C01B236E075C00645DB2 /* View Controllers */ = {
			isa = PBXGroup;
			children = (
				6916C008236E04F200645DB2 /* ViewController.swift */,
			);
			path = "View Controllers";
			sourceTree = "<group>";
		};
		69200112236E52C8000E6BB9 /* Screenshots */ = {
			isa = PBXGroup;
			children = (
				697F0C582370163E000B36AF /* 1.png */,
				697F0C592370163F000B36AF /* 2.png */,
				697F0C572370163E000B36AF /* 3.png */,
			);
			path = Screenshots;
			sourceTree = "<group>";
		};
		6963733C236E118E0038C115 /* Models */ = {
			isa = PBXGroup;
			children = (
				6963733D236E11C50038C115 /* USDZModel.swift */,
			);
			path = Models;
			sourceTree = "<group>";
		};
		69EA01AB236E222900540F5C /* Managers */ = {
			isa = PBXGroup;
			children = (
				69EA01AC236E22BC00540F5C /* CellManager.swift */,
			);
			path = Managers;
			sourceTree = "<group>";
		};
		69EA01AE236E22D000540F5C /* Cells */ = {
			isa = PBXGroup;
			children = (
				69EA01AF236E230200540F5C /* USDZCell.swift */,
			);
			path = Cells;
			sourceTree = "<group>";
		};
		69EA01B1236E48C500540F5C /* Extensions */ = {
			isa = PBXGroup;
			children = (
				69EA01B2236E48E500540F5C /* String+Extension.swift */,
			);
			path = Extensions;
			sourceTree = "<group>";
		};
/* End PBXGroup section */

/* Begin PBXNativeTarget section */
		6916C000236E04F200645DB2 /* ARQuickLook */ = {
			isa = PBXNativeTarget;
			buildConfigurationList = 6916C015236E04F700645DB2 /* Build configuration list for PBXNativeTarget "ARQuickLook" */;
			buildPhases = (
				6916BFFD236E04F200645DB2 /* Sources */,
				6916BFFE236E04F200645DB2 /* Frameworks */,
				6916BFFF236E04F200645DB2 /* Resources */,
			);
			buildRules = (
			);
			dependencies = (
			);
			name = ARQuickLook;
			productName = ARQuickLook;
			productReference = 6916C001236E04F200645DB2 /* ARQuickLook.app */;
			productType = "com.apple.product-type.application";
		};
/* End PBXNativeTarget section */

/* Begin PBXProject section */
		6916BFF9236E04F200645DB2 /* Project object */ = {
			isa = PBXProject;
			attributes = {
				LastSwiftUpdateCheck = 1120;
				LastUpgradeCheck = 1120;
				ORGANIZATIONNAME = "Denis Bystruev";
				TargetAttributes = {
					6916C000236E04F200645DB2 = {
						CreatedOnToolsVersion = 11.2;
					};
				};
			};
			buildConfigurationList = 6916BFFC236E04F200645DB2 /* Build configuration list for PBXProject "ARQuickLook" */;
			compatibilityVersion = "Xcode 9.3";
			developmentRegion = en;
			hasScannedForEncodings = 0;
			knownRegions = (
				en,
				Base,
			);
			mainGroup = 6916BFF8236E04F200645DB2;
			productRefGroup = 6916C002236E04F200645DB2 /* Products */;
			projectDirPath = "";
			projectRoot = "";
			targets = (
				6916C000236E04F200645DB2 /* ARQuickLook */,
			);
		};
/* End PBXProject section */

/* Begin PBXResourcesBuildPhase section */
		6916BFFF236E04F200645DB2 /* Resources */ = {
			isa = PBXResourcesBuildPhase;
			buildActionMask = 2147483647;
			files = (
				697F0C52237001AB000B36AF /* README.md in Resources */,
				6916C01D236E094900645DB2 /* Assets.scnassets in Resources */,
				697F0C5C2370163F000B36AF /* 2.png in Resources */,
				6916C011236E04F700645DB2 /* LaunchScreen.storyboard in Resources */,
				697F0C5A2370163F000B36AF /* 3.png in Resources */,
				6916C00E236E04F700645DB2 /* Assets.xcassets in Resources */,
				6916C00C236E04F200645DB2 /* Main.storyboard in Resources */,
				697F0C5B2370163F000B36AF /* 1.png in Resources */,
			);
			runOnlyForDeploymentPostprocessing = 0;
		};
/* End PBXResourcesBuildPhase section */

/* Begin PBXSourcesBuildPhase section */
		6916BFFD236E04F200645DB2 /* Sources */ = {
			isa = PBXSourcesBuildPhase;
			buildActionMask = 2147483647;
			files = (
				6916C009236E04F200645DB2 /* ViewController.swift in Sources */,
				69EA01B3236E48E500540F5C /* String+Extension.swift in Sources */,
				6963733E236E11C50038C115 /* USDZModel.swift in Sources */,
				6916C005236E04F200645DB2 /* AppDelegate.swift in Sources */,
				69EA01B0236E230200540F5C /* USDZCell.swift in Sources */,
				6916C007236E04F200645DB2 /* SceneDelegate.swift in Sources */,
				69EA01AD236E22BC00540F5C /* CellManager.swift in Sources */,
			);
			runOnlyForDeploymentPostprocessing = 0;
		};
/* End PBXSourcesBuildPhase section */

/* Begin PBXVariantGroup section */
		6916C00A236E04F200645DB2 /* Main.storyboard */ = {
			isa = PBXVariantGroup;
			children = (
				6916C00B236E04F200645DB2 /* Base */,
			);
			name = Main.storyboard;
			sourceTree = "<group>";
		};
		6916C00F236E04F700645DB2 /* LaunchScreen.storyboard */ = {
			isa = PBXVariantGroup;
			children = (
				6916C010236E04F700645DB2 /* Base */,
			);
			name = LaunchScreen.storyboard;
			sourceTree = "<group>";
		};
/* End PBXVariantGroup section */

/* Begin XCBuildConfiguration section */
		6916C013236E04F700645DB2 /* Debug */ = {
			isa = XCBuildConfiguration;
			buildSettings = {
				ALWAYS_SEARCH_USER_PATHS = NO;
				CLANG_ANALYZER_NONNULL = YES;
				CLANG_ANALYZER_NUMBER_OBJECT_CONVERSION = YES_AGGRESSIVE;
				CLANG_CXX_LANGUAGE_STANDARD = "gnu++14";
				CLANG_CXX_LIBRARY = "libc++";
				CLANG_ENABLE_MODULES = YES;
				CLANG_ENABLE_OBJC_ARC = YES;
				CLANG_ENABLE_OBJC_WEAK = YES;
				CLANG_WARN_BLOCK_CAPTURE_AUTORELEASING = YES;
				CLANG_WARN_BOOL_CONVERSION = YES;
				CLANG_WARN_COMMA = YES;
				CLANG_WARN_CONSTANT_CONVERSION = YES;
				CLANG_WARN_DEPRECATED_OBJC_IMPLEMENTATIONS = YES;
				CLANG_WARN_DIRECT_OBJC_ISA_USAGE = YES_ERROR;
				CLANG_WARN_DOCUMENTATION_COMMENTS = YES;
				CLANG_WARN_EMPTY_BODY = YES;
				CLANG_WARN_ENUM_CONVERSION = YES;
				CLANG_WARN_INFINITE_RECURSION = YES;
				CLANG_WARN_INT_CONVERSION = YES;
				CLANG_WARN_NON_LITERAL_NULL_CONVERSION = YES;
				CLANG_WARN_OBJC_IMPLICIT_RETAIN_SELF = YES;
				CLANG_WARN_OBJC_LITERAL_CONVERSION = YES;
				CLANG_WARN_OBJC_ROOT_CLASS = YES_ERROR;
				CLANG_WARN_RANGE_LOOP_ANALYSIS = YES;
				CLANG_WARN_STRICT_PROTOTYPES = YES;
				CLANG_WARN_SUSPICIOUS_MOVE = YES;
				CLANG_WARN_UNGUARDED_AVAILABILITY = YES_AGGRESSIVE;
				CLANG_WARN_UNREACHABLE_CODE = YES;
				CLANG_WARN__DUPLICATE_METHOD_MATCH = YES;
				COPY_PHASE_STRIP = NO;
				DEBUG_INFORMATION_FORMAT = dwarf;
				ENABLE_STRICT_OBJC_MSGSEND = YES;
				ENABLE_TESTABILITY = YES;
				GCC_C_LANGUAGE_STANDARD = gnu11;
				GCC_DYNAMIC_NO_PIC = NO;
				GCC_NO_COMMON_BLOCKS = YES;
				GCC_OPTIMIZATION_LEVEL = 0;
				GCC_PREPROCESSOR_DEFINITIONS = (
					"DEBUG=1",
					"$(inherited)",
				);
				GCC_WARN_64_TO_32_BIT_CONVERSION = YES;
				GCC_WARN_ABOUT_RETURN_TYPE = YES_ERROR;
				GCC_WARN_UNDECLARED_SELECTOR = YES;
				GCC_WARN_UNINITIALIZED_AUTOS = YES_AGGRESSIVE;
				GCC_WARN_UNUSED_FUNCTION = YES;
				GCC_WARN_UNUSED_VARIABLE = YES;
				IPHONEOS_DEPLOYMENT_TARGET = 12.0;
				MTL_ENABLE_DEBUG_INFO = INCLUDE_SOURCE;
				MTL_FAST_MATH = YES;
				ONLY_ACTIVE_ARCH = YES;
				SDKROOT = iphoneos;
				SWIFT_ACTIVE_COMPILATION_CONDITIONS = DEBUG;
				SWIFT_OPTIMIZATION_LEVEL = "-Onone";
			};
			name = Debug;
		};
		6916C014236E04F700645DB2 /* Release */ = {
			isa = XCBuildConfiguration;
			buildSettings = {
				ALWAYS_SEARCH_USER_PATHS = NO;
				CLANG_ANALYZER_NONNULL = YES;
				CLANG_ANALYZER_NUMBER_OBJECT_CONVERSION = YES_AGGRESSIVE;
				CLANG_CXX_LANGUAGE_STANDARD = "gnu++14";
				CLANG_CXX_LIBRARY = "libc++";
				CLANG_ENABLE_MODULES = YES;
				CLANG_ENABLE_OBJC_ARC = YES;
				CLANG_ENABLE_OBJC_WEAK = YES;
				CLANG_WARN_BLOCK_CAPTURE_AUTORELEASING = YES;
				CLANG_WARN_BOOL_CONVERSION = YES;
				CLANG_WARN_COMMA = YES;
				CLANG_WARN_CONSTANT_CONVERSION = YES;
				CLANG_WARN_DEPRECATED_OBJC_IMPLEMENTATIONS = YES;
				CLANG_WARN_DIRECT_OBJC_ISA_USAGE = YES_ERROR;
				CLANG_WARN_DOCUMENTATION_COMMENTS = YES;
				CLANG_WARN_EMPTY_BODY = YES;
				CLANG_WARN_ENUM_CONVERSION = YES;
				CLANG_WARN_INFINITE_RECURSION = YES;
				CLANG_WARN_INT_CONVERSION = YES;
				CLANG_WARN_NON_LITERAL_NULL_CONVERSION = YES;
				CLANG_WARN_OBJC_IMPLICIT_RETAIN_SELF = YES;
				CLANG_WARN_OBJC_LITERAL_CONVERSION = YES;
				CLANG_WARN_OBJC_ROOT_CLASS = YES_ERROR;
				CLANG_WARN_RANGE_LOOP_ANALYSIS = YES;
				CLANG_WARN_STRICT_PROTOTYPES = YES;
				CLANG_WARN_SUSPICIOUS_MOVE = YES;
				CLANG_WARN_UNGUARDED_AVAILABILITY = YES_AGGRESSIVE;
				CLANG_WARN_UNREACHABLE_CODE = YES;
				CLANG_WARN__DUPLICATE_METHOD_MATCH = YES;
				COPY_PHASE_STRIP = NO;
				DEBUG_INFORMATION_FORMAT = "dwarf-with-dsym";
				ENABLE_NS_ASSERTIONS = NO;
				ENABLE_STRICT_OBJC_MSGSEND = YES;
				GCC_C_LANGUAGE_STANDARD = gnu11;
				GCC_NO_COMMON_BLOCKS = YES;
				GCC_WARN_64_TO_32_BIT_CONVERSION = YES;
				GCC_WARN_ABOUT_RETURN_TYPE = YES_ERROR;
				GCC_WARN_UNDECLARED_SELECTOR = YES;
				GCC_WARN_UNINITIALIZED_AUTOS = YES_AGGRESSIVE;
				GCC_WARN_UNUSED_FUNCTION = YES;
				GCC_WARN_UNUSED_VARIABLE = YES;
				IPHONEOS_DEPLOYMENT_TARGET = 12.0;
				MTL_ENABLE_DEBUG_INFO = NO;
				MTL_FAST_MATH = YES;
				SDKROOT = iphoneos;
				SWIFT_COMPILATION_MODE = wholemodule;
				SWIFT_OPTIMIZATION_LEVEL = "-O";
				VALIDATE_PRODUCT = YES;
			};
			name = Release;
		};
		6916C016236E04F700645DB2 /* Debug */ = {
			isa = XCBuildConfiguration;
			buildSettings = {
				ASSETCATALOG_COMPILER_APPICON_NAME = AppIcon;
				CODE_SIGN_STYLE = Automatic;
				CURRENT_PROJECT_VERSION = 1;
				DEVELOPMENT_TEAM = 8J39KF9DMS;
				INFOPLIST_FILE = ARQuickLook/App/Info.plist;
				IPHONEOS_DEPLOYMENT_TARGET = 12.0;
				LD_RUNPATH_SEARCH_PATHS = (
					"$(inherited)",
					"@executable_path/Frameworks",
				);
				PRODUCT_BUNDLE_IDENTIFIER = ru.learnswift.ARQuickLook;
				PRODUCT_NAME = "$(TARGET_NAME)";
				SWIFT_VERSION = 5.0;
				TARGETED_DEVICE_FAMILY = "1,2";
			};
			name = Debug;
		};
		6916C017236E04F700645DB2 /* Release */ = {
			isa = XCBuildConfiguration;
			buildSettings = {
				ASSETCATALOG_COMPILER_APPICON_NAME = AppIcon;
				CODE_SIGN_STYLE = Automatic;
				CURRENT_PROJECT_VERSION = 1;
				DEVELOPMENT_TEAM = 8J39KF9DMS;
				INFOPLIST_FILE = ARQuickLook/App/Info.plist;
				IPHONEOS_DEPLOYMENT_TARGET = 12.0;
				LD_RUNPATH_SEARCH_PATHS = (
					"$(inherited)",
					"@executable_path/Frameworks",
				);
				PRODUCT_BUNDLE_IDENTIFIER = ru.learnswift.ARQuickLook;
				PRODUCT_NAME = "$(TARGET_NAME)";
				SWIFT_VERSION = 5.0;
				TARGETED_DEVICE_FAMILY = "1,2";
			};
			name = Release;
		};
/* End XCBuildConfiguration section */

/* Begin XCConfigurationList section */
		6916BFFC236E04F200645DB2 /* Build configuration list for PBXProject "ARQuickLook" */ = {
			isa = XCConfigurationList;
			buildConfigurations = (
				6916C013236E04F700645DB2 /* Debug */,
				6916C014236E04F700645DB2 /* Release */,
			);
			defaultConfigurationIsVisible = 0;
			defaultConfigurationName = Release;
		};
		6916C015236E04F700645DB2 /* Build configuration list for PBXNativeTarget "ARQuickLook" */ = {
			isa = XCConfigurationList;
			buildConfigurations = (
				6916C016236E04F700645DB2 /* Debug */,
				6916C017236E04F700645DB2 /* Release */,
			);
			defaultConfigurationIsVisible = 0;
			defaultConfigurationName = Release;
		};
/* End XCConfigurationList section */
	};
	rootObject = 6916BFF9236E04F200645DB2 /* Project object */;
}
